
Microsoft Visual Studio Solution File, Format Version 12.00
# Visual Studio Version 17
VisualStudioVersion = 17.0.31903.59
MinimumVisualStudioVersion = 10.0.40219.1
Project("{2150E333-8FDC-42A3-9474-1A3956D46DE8}") = "Source", "Source", "{CD1F9985-532D-4319-98F6-2E7E1A2DB5BB}"
EndProject
Project("{2150E333-8FDC-42A3-9474-1A3956D46DE8}") = "Docs", "Docs", "{6AC4E7E8-2C27-4356-8999-23FA341F15B6}"
EndProject
Project("{2150E333-8FDC-42A3-9474-1A3956D46DE8}") = "Tests", "Tests", "{D6BAE363-791F-4C3A-AA61-3F065AB50E75}"
EndProject
Project("{2150E333-8FDC-42A3-9474-1A3956D46DE8}") = "Unit", "Unit", "{5B5CD72A-8502-4505-86A1-7AD01C0664A3}"
EndProject
Project("{2150E333-8FDC-42A3-9474-1A3956D46DE8}") = "Integration", "Integration", "{095E4689-5ECB-4BE0-90B7-BF2C21EBF1C7}"
EndProject
Project("{2150E333-8FDC-42A3-9474-1A3956D46DE8}") = "System", "System", "{F8C84A4D-92E5-401C-A9C8-65B924B5176D}"
EndProject
Project("{2150E333-8FDC-42A3-9474-1A3956D46DE8}") = "Assets", "Assets", "{B36B7D08-130F-458B-B0DB-1F4C8D4ED0A4}"
EndProject
Project("{FAE04EC0-301F-11D3-BF4B-00C04F79EFBC}") = "Core", "Source\Core\Core.csproj", "{B929E072-D6A0-4A15-9995-9C3232FB205B}"
EndProject
Project("{FAE04EC0-301F-11D3-BF4B-00C04F79EFBC}") = "Domain", "Source\Domain\Domain.csproj", "{9BF5B3C6-7EFC-4B72-A96B-9C00D508345A}"
EndProject
Project("{FAE04EC0-301F-11D3-BF4B-00C04F79EFBC}") = "Api", "Source\Api\Api.csproj", "{E6742EA6-32DD-4EA5-B9FB-F69D042E3908}"
EndProject
Project("{FAE04EC0-301F-11D3-BF4B-00C04F79EFBC}") = "Services", "Source\Services\Services.csproj", "{6ED0B185-32D1-4F76-A1F3-293C82265467}"
EndProject
Project("{FAE04EC0-301F-11D3-BF4B-00C04F79EFBC}") = "UI", "Source\UI\UI.csproj", "{EED5D616-72DA-4FF6-94D4-173F71C9BF7F}"
EndProject
Global
	GlobalSection(SolutionConfigurationPlatforms) = preSolution
		Debug|Any CPU = Debug|Any CPU
		Release|Any CPU = Release|Any CPU
	EndGlobalSection
	GlobalSection(SolutionProperties) = preSolution
		HideSolutionNode = FALSE
	EndGlobalSection
	GlobalSection(NestedProjects) = preSolution
		{5B5CD72A-8502-4505-86A1-7AD01C0664A3} = {D6BAE363-791F-4C3A-AA61-3F065AB50E75}
		{095E4689-5ECB-4BE0-90B7-BF2C21EBF1C7} = {D6BAE363-791F-4C3A-AA61-3F065AB50E75}
		{F8C84A4D-92E5-401C-A9C8-65B924B5176D} = {D6BAE363-791F-4C3A-AA61-3F065AB50E75}
		{B36B7D08-130F-458B-B0DB-1F4C8D4ED0A4} = {6AC4E7E8-2C27-4356-8999-23FA341F15B6}
		{B929E072-D6A0-4A15-9995-9C3232FB205B} = {CD1F9985-532D-4319-98F6-2E7E1A2DB5BB}
		{9BF5B3C6-7EFC-4B72-A96B-9C00D508345A} = {CD1F9985-532D-4319-98F6-2E7E1A2DB5BB}
		{E6742EA6-32DD-4EA5-B9FB-F69D042E3908} = {CD1F9985-532D-4319-98F6-2E7E1A2DB5BB}
		{6ED0B185-32D1-4F76-A1F3-293C82265467} = {CD1F9985-532D-4319-98F6-2E7E1A2DB5BB}
		{EED5D616-72DA-4FF6-94D4-173F71C9BF7F} = {CD1F9985-532D-4319-98F6-2E7E1A2DB5BB}
	EndGlobalSection
	GlobalSection(ProjectConfigurationPlatforms) = postSolution
		{B929E072-D6A0-4A15-9995-9C3232FB205B}.Debug|Any CPU.ActiveCfg = Debug|Any CPU
		{B929E072-D6A0-4A15-9995-9C3232FB205B}.Debug|Any CPU.Build.0 = Debug|Any CPU
		{B929E072-D6A0-4A15-9995-9C3232FB205B}.Release|Any CPU.ActiveCfg = Release|Any CPU
		{B929E072-D6A0-4A15-9995-9C3232FB205B}.Release|Any CPU.Build.0 = Release|Any CPU
		{9BF5B3C6-7EFC-4B72-A96B-9C00D508345A}.Debug|Any CPU.ActiveCfg = Debug|Any CPU
		{9BF5B3C6-7EFC-4B72-A96B-9C00D508345A}.Debug|Any CPU.Build.0 = Debug|Any CPU
		{9BF5B3C6-7EFC-4B72-A96B-9C00D508345A}.Release|Any CPU.ActiveCfg = Release|Any CPU
		{9BF5B3C6-7EFC-4B72-A96B-9C00D508345A}.Release|Any CPU.Build.0 = Release|Any CPU
		{E6742EA6-32DD-4EA5-B9FB-F69D042E3908}.Debug|Any CPU.ActiveCfg = Debug|Any CPU
		{E6742EA6-32DD-4EA5-B9FB-F69D042E3908}.Debug|Any CPU.Build.0 = Debug|Any CPU
		{E6742EA6-32DD-4EA5-B9FB-F69D042E3908}.Release|Any CPU.ActiveCfg = Release|Any CPU
		{E6742EA6-32DD-4EA5-B9FB-F69D042E3908}.Release|Any CPU.Build.0 = Release|Any CPU
		{6ED0B185-32D1-4F76-A1F3-293C82265467}.Debug|Any CPU.ActiveCfg = Debug|Any CPU
		{6ED0B185-32D1-4F76-A1F3-293C82265467}.Debug|Any CPU.Build.0 = Debug|Any CPU
		{6ED0B185-32D1-4F76-A1F3-293C82265467}.Release|Any CPU.ActiveCfg = Release|Any CPU
		{6ED0B185-32D1-4F76-A1F3-293C82265467}.Release|Any CPU.Build.0 = Release|Any CPU
		{EED5D616-72DA-4FF6-94D4-173F71C9BF7F}.Debug|Any CPU.ActiveCfg = Debug|Any CPU
		{EED5D616-72DA-4FF6-94D4-173F71C9BF7F}.Debug|Any CPU.Build.0 = Debug|Any CPU
		{EED5D616-72DA-4FF6-94D4-173F71C9BF7F}.Release|Any CPU.ActiveCfg = Release|Any CPU
		{EED5D616-72DA-4FF6-94D4-173F71C9BF7F}.Release|Any CPU.Build.0 = Release|Any CPU
	EndGlobalSection
EndGlobal
